{
  "nodes": {
    "ai-trace-scanner": {
      "flake": false,
      "locked": {
        "lastModified": 1775777966,
        "narHash": "sha256-afVXxgHC2nh95SsrvyGZVatn+6KLl2x3ff2Jv/FnLMM=",
        "owner": "izaac",
        "repo": "ai-trace-scanner",
        "rev": "7a0588e88ab0b925b8b3d76a20b13d752a5bfbe2",
        "type": "github"
      },
      "original": {
        "owner": "izaac",
        "ref": "v0.8.0",
        "repo": "ai-trace-scanner",
        "type": "github"
      }
    },
    "catppuccin": {
      "inputs": {
        "nixpkgs": [
          "nixpkgs"
        ]
      },
      "locked": {
        "lastModified": 1775994227,
        "narHash": "sha256-4VKeWtl9dEubrgpy9fSXkXbjBZlNXPNlQQM5l1ppHv4=",
        "owner": "catppuccin",
        "repo": "nix",
        "rev": "d0a9a21ed8e235956a768fc624242ec9a3e15575",
        "type": "github"
      },
      "original": {
        "owner": "catppuccin",
        "repo": "nix",
        "type": "github"
      }
    },
    "disko": {
      "inputs": {
        "nixpkgs": [
          "nixpkgs"
        ]
      },
      "locked": {
        "lastModified": 1773889306,
        "narHash": "sha256-PAqwnsBSI9SVC2QugvQ3xeYCB0otOwCacB1ueQj2tgw=",
        "owner": "nix-community",
        "repo": "disko",
        "rev": "5ad85c82cc52264f4beddc934ba57f3789f28347",
        "type": "github"
      },
      "original": {
        "owner": "nix-community",
        "repo": "disko",
        "type": "github"
      }
    },
    "home-manager": {
      "inputs": {
        "nixpkgs": [
          "nixpkgs"
        ]
      },
      "locked": {
        "lastModified": 1776009508,
        "narHash": "sha256-iHaRCLrPfhFbWpdJ5nDH30N/4xckLMBKmY3PE3abjGU=",
        "owner": "nix-community",
        "repo": "home-manager",
        "rev": "7832a664c40c98a2dcf45400f60d0f70f8b6fd19",
        "type": "github"
      },
      "original": {
        "owner": "nix-community",
        "ref": "master",
        "repo": "home-manager",
        "type": "github"
      }
    },
    "nix-flatpak": {
      "locked": {
        "lastModified": 1768656715,
        "narHash": "sha256-Sbh037scxKFm7xL0ahgSCw+X2/5ZKeOwI2clqrYr9j4=",
        "owner": "gmodena",
        "repo": "nix-flatpak",
        "rev": "123fe29340a5b8671367055b75a6e7c320d6f89a",
        "type": "github"
      },
      "original": {
        "owner": "gmodena",
        "repo": "nix-flatpak",
        "type": "github"
      }
    },
    "nix-packages": {
      "inputs": {
        "nixpkgs": [
          "nixpkgs"
        ]
      },
      "locked": {
        "lastModified": 1775941170,
        "narHash": "sha256-3u4GjRtm+ADfaAjUaaU4/6lzqrdEwuFClwNbIXo04n0=",
        "owner": "izaac",
        "repo": "nix-packages",
        "rev": "e0e08eb46ee702e36b351f8f3768c3d1facdafe7",
        "type": "github"
      },
      "original": {
        "owner": "izaac",
        "repo": "nix-packages",
        "type": "github"
      }
    },
    "nixpkgs": {
      "locked": {
        "lastModified": 1775710090,
        "narHash": "sha256-ar3rofg+awPB8QXDaFJhJ2jJhu+KqN/PRCXeyuXR76E=",
        "owner": "nixos",
        "repo": "nixpkgs",
        "rev": "4c1018dae018162ec878d42fec712642d214fdfa",
        "type": "github"
      },
      "original": {
        "owner": "nixos",
        "ref": "nixos-unstable",
        "repo": "nixpkgs",
        "type": "github"
      }
    },
    "root": {
      "inputs": {
        "ai-trace-scanner": "ai-trace-scanner",
        "catppuccin": "catppuccin",
        "disko": "disko",
        "home-manager": "home-manager",
        "nix-flatpak": "nix-flatpak",
        "nix-packages": "nix-packages",
        "nixpkgs": "nixpkgs",
        "sops-nix": "sops-nix"
      }
    },
    "sops-nix": {
      "inputs": {
        "nixpkgs": [
          "nixpkgs"
        ]
      },
      "locked": {
        "lastModified": 1775971308,
        "narHash": "sha256-VKp9bhVSm0bT6JWctFy06ocqxGGnWHi1NfoE90IgIcY=",
        "owner": "Mic92",
        "repo": "sops-nix",
        "rev": "31ac5fe5d015f76b54058c69fcaebb66a55871a4",
        "type": "github"
      },
      "original": {
        "owner": "Mic92",
        "repo": "sops-nix",
        "type": "github"
      }
    }
  },
  "root": "root",
  "version": 7
}
